
Microsoft Visual Studio Solution File, Format Version 12.00
# Visual Studio Version 16
VisualStudioVersion = 16.0.35229.62
MinimumVisualStudioVersion = 10.0.40219.1
Project("{F184B08F-C81C-45F6-A57F-5ABD9991F28F}") = "WebApplication1", "WebApplication1.vbproj", "{F98A9F13-FE42-4893-8A3D-0D3A2C76DCD9}"
EndProject
Global
	GlobalSection(SolutionConfigurationPlatforms) = preSolution
		Debug|Any CPU = Debug|Any CPU
		Release|Any CPU = Release|Any CPU
	EndGlobalSection
	GlobalSection(ProjectConfigurationPlatforms) = postSolution
		{F98A9F13-FE42-4893-8A3D-0D3A2C76DCD9}.Debug|Any CPU.ActiveCfg = Debug|Any CPU
		{F98A9F13-FE42-4893-8A3D-0D3A2C76DCD9}.Debug|Any CPU.Build.0 = Debug|Any CPU
		{F98A9F13-FE42-4893-8A3D-0D3A2C76DCD9}.Release|Any CPU.ActiveCfg = Release|Any CPU
		{F98A9F13-FE42-4893-8A3D-0D3A2C76DCD9}.Release|Any CPU.Build.0 = Release|Any CPU
	EndGlobalSection
	GlobalSection(SolutionProperties) = preSolution
		HideSolutionNode = FALSE
	EndGlobalSection
	GlobalSection(ExtensibilityGlobals) = postSolution
		SolutionGuid = {C0CFE5B6-9C87-4CEB-A1DA-CDED4147E902}
	EndGlobalSection
EndGlobal
